
Microsoft Visual Studio Solution File, Format Version 12.00
Project("{FAE04EC0-301F-11D3-BF4B-00C04F79EFBC}") = "Redisson.Net", "Redisson.Net\Redisson.Net.csproj", "{5F119F0E-51F8-4A93-A657-4FFD801C8D06}"
EndProject
Project("{FAE04EC0-301F-11D3-BF4B-00C04F79EFBC}") = "Redisson.Net.Test", "Redisson.Net.Test\Redisson.Net.Test.csproj", "{F57C181E-28CA-4CEC-B0BE-AB83071E7D94}"
EndProject
Global
	GlobalSection(SolutionConfigurationPlatforms) = preSolution
		Debug|Any CPU = Debug|Any CPU
		Release|Any CPU = Release|Any CPU
	EndGlobalSection
	GlobalSection(ProjectConfigurationPlatforms) = postSolution
		{5F119F0E-51F8-4A93-A657-4FFD801C8D06}.Debug|Any CPU.ActiveCfg = Debug|Any CPU
		{5F119F0E-51F8-4A93-A657-4FFD801C8D06}.Debug|Any CPU.Build.0 = Debug|Any CPU
		{5F119F0E-51F8-4A93-A657-4FFD801C8D06}.Release|Any CPU.ActiveCfg = Release|Any CPU
		{5F119F0E-51F8-4A93-A657-4FFD801C8D06}.Release|Any CPU.Build.0 = Release|Any CPU
		{F57C181E-28CA-4CEC-B0BE-AB83071E7D94}.Debug|Any CPU.ActiveCfg = Debug|Any CPU
		{F57C181E-28CA-4CEC-B0BE-AB83071E7D94}.Debug|Any CPU.Build.0 = Debug|Any CPU
		{F57C181E-28CA-4CEC-B0BE-AB83071E7D94}.Release|Any CPU.ActiveCfg = Release|Any CPU
		{F57C181E-28CA-4CEC-B0BE-AB83071E7D94}.Release|Any CPU.Build.0 = Release|Any CPU
	EndGlobalSection
EndGlobal
